// !$*UTF8*$!
{
	archiveVersion = 1;
	classes = {
	};
	objectVersion = 56;
	objects = {

/* Begin PBXBuildFile section */
		1B4B8A2529C95F700026E9D1 /* AddCityViewController.swift in Sources */ = {isa = PBXBuildFile; fileRef = 1B4B8A2429C95F700026E9D1 /* AddCityViewController.swift */; };
		1B4B8A2729C95FB50026E9D1 /* AddCityViewModel.swift in Sources */ = {isa = PBXBuildFile; fileRef = 1B4B8A2629C95FB50026E9D1 /* AddCityViewModel.swift */; };
		1B4B8A2A29C98C550026E9D1 /* String+Extensions.swift in Sources */ = {isa = PBXBuildFile; fileRef = 1B4B8A2929C98C550026E9D1 /* String+Extensions.swift */; };
		1B4B8A3029C98D870026E9D1 /* UserEndpoints.swift in Sources */ = {isa = PBXBuildFile; fileRef = 1B4B8A2F29C98D870026E9D1 /* UserEndpoints.swift */; };
		1B4B8A3429C98E8A0026E9D1 /* APIKeyHandler.swift in Sources */ = {isa = PBXBuildFile; fileRef = 1B4B8A3329C98E8A0026E9D1 /* APIKeyHandler.swift */; };
		1B4B8A3729C9A0370026E9D1 /* CityWeatherDetailViewController.swift in Sources */ = {isa = PBXBuildFile; fileRef = 1B4B8A3629C9A0370026E9D1 /* CityWeatherDetailViewController.swift */; };
		1B4B8A3A29C9A1350026E9D1 /* AppNavigation.swift in Sources */ = {isa = PBXBuildFile; fileRef = 1B4B8A3929C9A1350026E9D1 /* AppNavigation.swift */; };
		1B83E14B29C893AC00443D2D /* AppDelegate.swift in Sources */ = {isa = PBXBuildFile; fileRef = 1B83E14A29C893AC00443D2D /* AppDelegate.swift */; };
		1B83E15229C893AC00443D2D /* Main.storyboard in Resources */ = {isa = PBXBuildFile; fileRef = 1B83E15029C893AC00443D2D /* Main.storyboard */; };
		1B83E15429C893AF00443D2D /* Assets.xcassets in Resources */ = {isa = PBXBuildFile; fileRef = 1B83E15329C893AF00443D2D /* Assets.xcassets */; };
		1B83E15729C893AF00443D2D /* LaunchScreen.storyboard in Resources */ = {isa = PBXBuildFile; fileRef = 1B83E15529C893AF00443D2D /* LaunchScreen.storyboard */; };
/* End PBXBuildFile section */

/* Begin PBXFileReference section */
		1B4B8A2429C95F700026E9D1 /* AddCityViewController.swift */ = {isa = PBXFileReference; lastKnownFileType = sourcecode.swift; path = AddCityViewController.swift; sourceTree = "<group>"; };
		1B4B8A2629C95FB50026E9D1 /* AddCityViewModel.swift */ = {isa = PBXFileReference; lastKnownFileType = sourcecode.swift; path = AddCityViewModel.swift; sourceTree = "<group>"; };
		1B4B8A2929C98C550026E9D1 /* String+Extensions.swift */ = {isa = PBXFileReference; lastKnownFileType = sourcecode.swift; path = "String+Extensions.swift"; sourceTree = "<group>"; };
		1B4B8A2F29C98D870026E9D1 /* UserEndpoints.swift */ = {isa = PBXFileReference; lastKnownFileType = sourcecode.swift; path = UserEndpoints.swift; sourceTree = "<group>"; };
		1B4B8A3329C98E8A0026E9D1 /* APIKeyHandler.swift */ = {isa = PBXFileReference; lastKnownFileType = sourcecode.swift; path = APIKeyHandler.swift; sourceTree = "<group>"; };
		1B4B8A3629C9A0370026E9D1 /* CityWeatherDetailViewController.swift */ = {isa = PBXFileReference; lastKnownFileType = sourcecode.swift; path = CityWeatherDetailViewController.swift; sourceTree = "<group>"; };
		1B4B8A3929C9A1350026E9D1 /* AppNavigation.swift */ = {isa = PBXFileReference; lastKnownFileType = sourcecode.swift; path = AppNavigation.swift; sourceTree = "<group>"; };
		1B83E14729C893AC00443D2D /* WeatherApp.app */ = {isa = PBXFileReference; explicitFileType = wrapper.application; includeInIndex = 0; path = WeatherApp.app; sourceTree = BUILT_PRODUCTS_DIR; };
		1B83E14A29C893AC00443D2D /* AppDelegate.swift */ = {isa = PBXFileReference; lastKnownFileType = sourcecode.swift; path = AppDelegate.swift; sourceTree = "<group>"; };
		1B83E15129C893AC00443D2D /* Base */ = {isa = PBXFileReference; lastKnownFileType = file.storyboard; name = Base; path = Base.lproj/Main.storyboard; sourceTree = "<group>"; };
		1B83E15329C893AF00443D2D /* Assets.xcassets */ = {isa = PBXFileReference; lastKnownFileType = folder.assetcatalog; path = Assets.xcassets; sourceTree = "<group>"; };
		1B83E15629C893AF00443D2D /* Base */ = {isa = PBXFileReference; lastKnownFileType = file.storyboard; name = Base; path = Base.lproj/LaunchScreen.storyboard; sourceTree = "<group>"; };
		1B83E15829C893AF00443D2D /* Info.plist */ = {isa = PBXFileReference; lastKnownFileType = text.plist.xml; path = Info.plist; sourceTree = "<group>"; };
/* End PBXFileReference section */

/* Begin PBXFrameworksBuildPhase section */
		1B83E14429C893AC00443D2D /* Frameworks */ = {
			isa = PBXFrameworksBuildPhase;
			buildActionMask = 2147483647;
			files = (
			);
			runOnlyForDeploymentPostprocessing = 0;
		};
/* End PBXFrameworksBuildPhase section */

/* Begin PBXGroup section */
		1B4B8A2229C95F130026E9D1 /* AddCity */ = {
			isa = PBXGroup;
			children = (
				1B4B8A2429C95F700026E9D1 /* AddCityViewController.swift */,
				1B4B8A2629C95FB50026E9D1 /* AddCityViewModel.swift */,
			);
			path = AddCity;
			sourceTree = "<group>";
		};
		1B4B8A2329C95F3C0026E9D1 /* Modules */ = {
			isa = PBXGroup;
			children = (
				1B4B8A3529C9A0180026E9D1 /* CityWeatherDetail */,
				1B4B8A2B29C98D3D0026E9D1 /* CityList */,
				1B4B8A2229C95F130026E9D1 /* AddCity */,
			);
			path = Modules;
			sourceTree = "<group>";
		};
		1B4B8A2829C98C300026E9D1 /* Utilities */ = {
			isa = PBXGroup;
			children = (
				1B4B8A3829C9A1280026E9D1 /* AppNavigation */,
				1B4B8A3229C98E780026E9D1 /* APIKeyHandler */,
				1B4B8A3129C98E6B0026E9D1 /* Extensions */,
			);
			path = Utilities;
			sourceTree = "<group>";
		};
		1B4B8A2B29C98D3D0026E9D1 /* CityList */ = {
			isa = PBXGroup;
			children = (
				1B4B8A2E29C98D780026E9D1 /* Networking */,
			);
			path = CityList;
			sourceTree = "<group>";
		};
		1B4B8A2E29C98D780026E9D1 /* Networking */ = {
			isa = PBXGroup;
			children = (
				1B4B8A2F29C98D870026E9D1 /* UserEndpoints.swift */,
			);
			path = Networking;
			sourceTree = "<group>";
		};
		1B4B8A3129C98E6B0026E9D1 /* Extensions */ = {
			isa = PBXGroup;
			children = (
				1B4B8A2929C98C550026E9D1 /* String+Extensions.swift */,
			);
			path = Extensions;
			sourceTree = "<group>";
		};
		1B4B8A3229C98E780026E9D1 /* APIKeyHandler */ = {
			isa = PBXGroup;
			children = (
				1B4B8A3329C98E8A0026E9D1 /* APIKeyHandler.swift */,
			);
			path = APIKeyHandler;
			sourceTree = "<group>";
		};
		1B4B8A3529C9A0180026E9D1 /* CityWeatherDetail */ = {
			isa = PBXGroup;
			children = (
				1B4B8A3629C9A0370026E9D1 /* CityWeatherDetailViewController.swift */,
			);
			path = CityWeatherDetail;
			sourceTree = "<group>";
		};
		1B4B8A3829C9A1280026E9D1 /* AppNavigation */ = {
			isa = PBXGroup;
			children = (
				1B4B8A3929C9A1350026E9D1 /* AppNavigation.swift */,
			);
			path = AppNavigation;
			sourceTree = "<group>";
		};
		1B83E13E29C893AC00443D2D = {
			isa = PBXGroup;
			children = (
				1B83E14929C893AC00443D2D /* WeatherApp */,
				1B83E14829C893AC00443D2D /* Products */,
			);
			sourceTree = "<group>";
		};
		1B83E14829C893AC00443D2D /* Products */ = {
			isa = PBXGroup;
			children = (
				1B83E14729C893AC00443D2D /* WeatherApp.app */,
			);
			name = Products;
			sourceTree = "<group>";
		};
		1B83E14929C893AC00443D2D /* WeatherApp */ = {
			isa = PBXGroup;
			children = (
				1B4B8A2329C95F3C0026E9D1 /* Modules */,
				1B4B8A2829C98C300026E9D1 /* Utilities */,
				1B83E14A29C893AC00443D2D /* AppDelegate.swift */,
				1B83E15029C893AC00443D2D /* Main.storyboard */,
				1B83E15329C893AF00443D2D /* Assets.xcassets */,
				1B83E15529C893AF00443D2D /* LaunchScreen.storyboard */,
				1B83E15829C893AF00443D2D /* Info.plist */,
			);
			path = WeatherApp;
			sourceTree = "<group>";
		};
/* End PBXGroup section */

/* Begin PBXNativeTarget section */
		1B83E14629C893AC00443D2D /* WeatherApp */ = {
			isa = PBXNativeTarget;
			buildConfigurationList = 1B83E15B29C893AF00443D2D /* Build configuration list for PBXNativeTarget "WeatherApp" */;
			buildPhases = (
				1B83E14329C893AC00443D2D /* Sources */,
				1B83E14429C893AC00443D2D /* Frameworks */,
				1B83E14529C893AC00443D2D /* Resources */,
			);
			buildRules = (
			);
			dependencies = (
			);
			name = WeatherApp;
			productName = WeatherApp;
			productReference = 1B83E14729C893AC00443D2D /* WeatherApp.app */;
			productType = "com.apple.product-type.application";
		};
/* End PBXNativeTarget section */

/* Begin PBXProject section */
		1B83E13F29C893AC00443D2D /* Project object */ = {
			isa = PBXProject;
			attributes = {
				BuildIndependentTargetsInParallel = 1;
				LastSwiftUpdateCheck = 1420;
				LastUpgradeCheck = 1420;
				TargetAttributes = {
					1B83E14629C893AC00443D2D = {
						CreatedOnToolsVersion = 14.2;
					};
				};
			};
			buildConfigurationList = 1B83E14229C893AC00443D2D /* Build configuration list for PBXProject "WeatherApp" */;
			compatibilityVersion = "Xcode 14.0";
			developmentRegion = en;
			hasScannedForEncodings = 0;
			knownRegions = (
				en,
				Base,
			);
			mainGroup = 1B83E13E29C893AC00443D2D;
			productRefGroup = 1B83E14829C893AC00443D2D /* Products */;
			projectDirPath = "";
			projectRoot = "";
			targets = (
				1B83E14629C893AC00443D2D /* WeatherApp */,
			);
		};
/* End PBXProject section */

/* Begin PBXResourcesBuildPhase section */
		1B83E14529C893AC00443D2D /* Resources */ = {
			isa = PBXResourcesBuildPhase;
			buildActionMask = 2147483647;
			files = (
				1B83E15729C893AF00443D2D /* LaunchScreen.storyboard in Resources */,
				1B83E15429C893AF00443D2D /* Assets.xcassets in Resources */,
				1B83E15229C893AC00443D2D /* Main.storyboard in Resources */,
			);
			runOnlyForDeploymentPostprocessing = 0;
		};
/* End PBXResourcesBuildPhase section */

/* Begin PBXSourcesBuildPhase section */
		1B83E14329C893AC00443D2D /* Sources */ = {
			isa = PBXSourcesBuildPhase;
			buildActionMask = 2147483647;
			files = (
				1B4B8A2A29C98C550026E9D1 /* String+Extensions.swift in Sources */,
				1B4B8A3729C9A0370026E9D1 /* CityWeatherDetailViewController.swift in Sources */,
				1B4B8A2529C95F700026E9D1 /* AddCityViewController.swift in Sources */,
				1B4B8A3029C98D870026E9D1 /* UserEndpoints.swift in Sources */,
				1B83E14B29C893AC00443D2D /* AppDelegate.swift in Sources */,
				1B4B8A2729C95FB50026E9D1 /* AddCityViewModel.swift in Sources */,
				1B4B8A3429C98E8A0026E9D1 /* APIKeyHandler.swift in Sources */,
				1B4B8A3A29C9A1350026E9D1 /* AppNavigation.swift in Sources */,
			);
			runOnlyForDeploymentPostprocessing = 0;
		};
/* End PBXSourcesBuildPhase section */

/* Begin PBXVariantGroup section */
		1B83E15029C893AC00443D2D /* Main.storyboard */ = {
			isa = PBXVariantGroup;
			children = (
				1B83E15129C893AC00443D2D /* Base */,
			);
			name = Main.storyboard;
			sourceTree = "<group>";
		};
		1B83E15529C893AF00443D2D /* LaunchScreen.storyboard */ = {
			isa = PBXVariantGroup;
			children = (
				1B83E15629C893AF00443D2D /* Base */,
			);
			name = LaunchScreen.storyboard;
			sourceTree = "<group>";
		};
/* End PBXVariantGroup section */

/* Begin XCBuildConfiguration section */
		1B83E15929C893AF00443D2D /* Debug */ = {
			isa = XCBuildConfiguration;
			buildSettings = {
				ALWAYS_SEARCH_USER_PATHS = NO;
				CLANG_ANALYZER_NONNULL = YES;
				CLANG_ANALYZER_NUMBER_OBJECT_CONVERSION = YES_AGGRESSIVE;
				CLANG_CXX_LANGUAGE_STANDARD = "gnu++20";
				CLANG_ENABLE_MODULES = YES;
				CLANG_ENABLE_OBJC_ARC = YES;
				CLANG_ENABLE_OBJC_WEAK = YES;
				CLANG_WARN_BLOCK_CAPTURE_AUTORELEASING = YES;
				CLANG_WARN_BOOL_CONVERSION = YES;
				CLANG_WARN_COMMA = YES;
				CLANG_WARN_CONSTANT_CONVERSION = YES;
				CLANG_WARN_DEPRECATED_OBJC_IMPLEMENTATIONS = YES;
				CLANG_WARN_DIRECT_OBJC_ISA_USAGE = YES_ERROR;
				CLANG_WARN_DOCUMENTATION_COMMENTS = YES;
				CLANG_WARN_EMPTY_BODY = YES;
				CLANG_WARN_ENUM_CONVERSION = YES;
				CLANG_WARN_INFINITE_RECURSION = YES;
				CLANG_WARN_INT_CONVERSION = YES;
				CLANG_WARN_NON_LITERAL_NULL_CONVERSION = YES;
				CLANG_WARN_OBJC_IMPLICIT_RETAIN_SELF = YES;
				CLANG_WARN_OBJC_LITERAL_CONVERSION = YES;
				CLANG_WARN_OBJC_ROOT_CLASS = YES_ERROR;
				CLANG_WARN_QUOTED_INCLUDE_IN_FRAMEWORK_HEADER = YES;
				CLANG_WARN_RANGE_LOOP_ANALYSIS = YES;
				CLANG_WARN_STRICT_PROTOTYPES = YES;
				CLANG_WARN_SUSPICIOUS_MOVE = YES;
				CLANG_WARN_UNGUARDED_AVAILABILITY = YES_AGGRESSIVE;
				CLANG_WARN_UNREACHABLE_CODE = YES;
				CLANG_WARN__DUPLICATE_METHOD_MATCH = YES;
				COPY_PHASE_STRIP = NO;
				DEBUG_INFORMATION_FORMAT = dwarf;
				ENABLE_STRICT_OBJC_MSGSEND = YES;
				ENABLE_TESTABILITY = YES;
				GCC_C_LANGUAGE_STANDARD = gnu11;
				GCC_DYNAMIC_NO_PIC = NO;
				GCC_NO_COMMON_BLOCKS = YES;
				GCC_OPTIMIZATION_LEVEL = 0;
				GCC_PREPROCESSOR_DEFINITIONS = (
					"DEBUG=1",
					"$(inherited)",
				);
				GCC_WARN_64_TO_32_BIT_CONVERSION = YES;
				GCC_WARN_ABOUT_RETURN_TYPE = YES_ERROR;
				GCC_WARN_UNDECLARED_SELECTOR = YES;
				GCC_WARN_UNINITIALIZED_AUTOS = YES_AGGRESSIVE;
				GCC_WARN_UNUSED_FUNCTION = YES;
				GCC_WARN_UNUSED_VARIABLE = YES;
				IPHONEOS_DEPLOYMENT_TARGET = 16.2;
				MTL_ENABLE_DEBUG_INFO = INCLUDE_SOURCE;
				MTL_FAST_MATH = YES;
				ONLY_ACTIVE_ARCH = YES;
				SDKROOT = iphoneos;
				SWIFT_ACTIVE_COMPILATION_CONDITIONS = DEBUG;
				SWIFT_OPTIMIZATION_LEVEL = "-Onone";
			};
			name = Debug;
		};
		1B83E15A29C893AF00443D2D /* Release */ = {
			isa = XCBuildConfiguration;
			buildSettings = {
				ALWAYS_SEARCH_USER_PATHS = NO;
				CLANG_ANALYZER_NONNULL = YES;
				CLANG_ANALYZER_NUMBER_OBJECT_CONVERSION = YES_AGGRESSIVE;
				CLANG_CXX_LANGUAGE_STANDARD = "gnu++20";
				CLANG_ENABLE_MODULES = YES;
				CLANG_ENABLE_OBJC_ARC = YES;
				CLANG_ENABLE_OBJC_WEAK = YES;
				CLANG_WARN_BLOCK_CAPTURE_AUTORELEASING = YES;
				CLANG_WARN_BOOL_CONVERSION = YES;
				CLANG_WARN_COMMA = YES;
				CLANG_WARN_CONSTANT_CONVERSION = YES;
				CLANG_WARN_DEPRECATED_OBJC_IMPLEMENTATIONS = YES;
				CLANG_WARN_DIRECT_OBJC_ISA_USAGE = YES_ERROR;
				CLANG_WARN_DOCUMENTATION_COMMENTS = YES;
				CLANG_WARN_EMPTY_BODY = YES;
				CLANG_WARN_ENUM_CONVERSION = YES;
				CLANG_WARN_INFINITE_RECURSION = YES;
				CLANG_WARN_INT_CONVERSION = YES;
				CLANG_WARN_NON_LITERAL_NULL_CONVERSION = YES;
				CLANG_WARN_OBJC_IMPLICIT_RETAIN_SELF = YES;
				CLANG_WARN_OBJC_LITERAL_CONVERSION = YES;
				CLANG_WARN_OBJC_ROOT_CLASS = YES_ERROR;
				CLANG_WARN_QUOTED_INCLUDE_IN_FRAMEWORK_HEADER = YES;
				CLANG_WARN_RANGE_LOOP_ANALYSIS = YES;
				CLANG_WARN_STRICT_PROTOTYPES = YES;
				CLANG_WARN_SUSPICIOUS_MOVE = YES;
				CLANG_WARN_UNGUARDED_AVAILABILITY = YES_AGGRESSIVE;
				CLANG_WARN_UNREACHABLE_CODE = YES;
				CLANG_WARN__DUPLICATE_METHOD_MATCH = YES;
				COPY_PHASE_STRIP = NO;
				DEBUG_INFORMATION_FORMAT = "dwarf-with-dsym";
				ENABLE_NS_ASSERTIONS = NO;
				ENABLE_STRICT_OBJC_MSGSEND = YES;
				GCC_C_LANGUAGE_STANDARD = gnu11;
				GCC_NO_COMMON_BLOCKS = YES;
				GCC_WARN_64_TO_32_BIT_CONVERSION = YES;
				GCC_WARN_ABOUT_RETURN_TYPE = YES_ERROR;
				GCC_WARN_UNDECLARED_SELECTOR = YES;
				GCC_WARN_UNINITIALIZED_AUTOS = YES_AGGRESSIVE;
				GCC_WARN_UNUSED_FUNCTION = YES;
				GCC_WARN_UNUSED_VARIABLE = YES;
				IPHONEOS_DEPLOYMENT_TARGET = 16.2;
				MTL_ENABLE_DEBUG_INFO = NO;
				MTL_FAST_MATH = YES;
				SDKROOT = iphoneos;
				SWIFT_COMPILATION_MODE = wholemodule;
				SWIFT_OPTIMIZATION_LEVEL = "-O";
				VALIDATE_PRODUCT = YES;
			};
			name = Release;
		};
		1B83E15C29C893AF00443D2D /* Debug */ = {
			isa = XCBuildConfiguration;
			buildSettings = {
				ASSETCATALOG_COMPILER_APPICON_NAME = AppIcon;
				ASSETCATALOG_COMPILER_GLOBAL_ACCENT_COLOR_NAME = AccentColor;
				CODE_SIGN_STYLE = Automatic;
				CURRENT_PROJECT_VERSION = 1;
				GENERATE_INFOPLIST_FILE = YES;
				INFOPLIST_FILE = WeatherApp/Info.plist;
				INFOPLIST_KEY_UIApplicationSupportsIndirectInputEvents = YES;
				INFOPLIST_KEY_UILaunchStoryboardName = LaunchScreen;
				INFOPLIST_KEY_UIMainStoryboardFile = Main;
				INFOPLIST_KEY_UISupportedInterfaceOrientations = UIInterfaceOrientationPortrait;
				LD_RUNPATH_SEARCH_PATHS = (
					"$(inherited)",
					"@executable_path/Frameworks",
				);
				MARKETING_VERSION = 1.0;
				PRODUCT_BUNDLE_IDENTIFIER = com.WeatherApp;
				PRODUCT_NAME = "$(TARGET_NAME)";
				SWIFT_EMIT_LOC_STRINGS = YES;
				SWIFT_VERSION = 5.0;
				TARGETED_DEVICE_FAMILY = "1,2";
			};
			name = Debug;
		};
		1B83E15D29C893AF00443D2D /* Release */ = {
			isa = XCBuildConfiguration;
			buildSettings = {
				ASSETCATALOG_COMPILER_APPICON_NAME = AppIcon;
				ASSETCATALOG_COMPILER_GLOBAL_ACCENT_COLOR_NAME = AccentColor;
				CODE_SIGN_STYLE = Automatic;
				CURRENT_PROJECT_VERSION = 1;
				GENERATE_INFOPLIST_FILE = YES;
				INFOPLIST_FILE = WeatherApp/Info.plist;
				INFOPLIST_KEY_UIApplicationSupportsIndirectInputEvents = YES;
				INFOPLIST_KEY_UILaunchStoryboardName = LaunchScreen;
				INFOPLIST_KEY_UIMainStoryboardFile = Main;
				INFOPLIST_KEY_UISupportedInterfaceOrientations = UIInterfaceOrientationPortrait;
				LD_RUNPATH_SEARCH_PATHS = (
					"$(inherited)",
					"@executable_path/Frameworks",
				);
				MARKETING_VERSION = 1.0;
				PRODUCT_BUNDLE_IDENTIFIER = com.WeatherApp;
				PRODUCT_NAME = "$(TARGET_NAME)";
				SWIFT_EMIT_LOC_STRINGS = YES;
				SWIFT_VERSION = 5.0;
				TARGETED_DEVICE_FAMILY = "1,2";
			};
			name = Release;
		};
/* End XCBuildConfiguration section */

/* Begin XCConfigurationList section */
		1B83E14229C893AC00443D2D /* Build configuration list for PBXProject "WeatherApp" */ = {
			isa = XCConfigurationList;
			buildConfigurations = (
				1B83E15929C893AF00443D2D /* Debug */,
				1B83E15A29C893AF00443D2D /* Release */,
			);
			defaultConfigurationIsVisible = 0;
			defaultConfigurationName = Release;
		};
		1B83E15B29C893AF00443D2D /* Build configuration list for PBXNativeTarget "WeatherApp" */ = {
			isa = XCConfigurationList;
			buildConfigurations = (
				1B83E15C29C893AF00443D2D /* Debug */,
				1B83E15D29C893AF00443D2D /* Release */,
			);
			defaultConfigurationIsVisible = 0;
			defaultConfigurationName = Release;
		};
/* End XCConfigurationList section */
	};
	rootObject = 1B83E13F29C893AC00443D2D /* Project object */;
}
