// !$*UTF8*$!
{
	archiveVersion = 1;
	classes = {
	};
	objectVersion = 56;
	objects = {

/* Begin PBXBuildFile section */
		1B32CC2429CF745F0080CF54 /* InputValidator.swift in Sources */ = {isa = PBXBuildFile; fileRef = 1B32CC2329CF745F0080CF54 /* InputValidator.swift */; };
		1B46D14629D0807F008CD132 /* CoreDataManager.swift in Sources */ = {isa = PBXBuildFile; fileRef = 1B46D14529D0807F008CD132 /* CoreDataManager.swift */; };
		1B46D14D29D0B6B0008CD132 /* WeatherApp.xcdatamodeld in Sources */ = {isa = PBXBuildFile; fileRef = 1B46D14B29D0B6B0008CD132 /* WeatherApp.xcdatamodeld */; };
		1B4B8A2529C95F700026E9D1 /* AddCityViewController.swift in Sources */ = {isa = PBXBuildFile; fileRef = 1B4B8A2429C95F700026E9D1 /* AddCityViewController.swift */; };
		1B4B8A2729C95FB50026E9D1 /* AddCityViewModel.swift in Sources */ = {isa = PBXBuildFile; fileRef = 1B4B8A2629C95FB50026E9D1 /* AddCityViewModel.swift */; };
		1B4B8A2A29C98C550026E9D1 /* String+Extensions.swift in Sources */ = {isa = PBXBuildFile; fileRef = 1B4B8A2929C98C550026E9D1 /* String+Extensions.swift */; };
		1B4B8A3029C98D870026E9D1 /* UserEndpoints.swift in Sources */ = {isa = PBXBuildFile; fileRef = 1B4B8A2F29C98D870026E9D1 /* UserEndpoints.swift */; };
		1B4B8A3429C98E8A0026E9D1 /* APIKeyHandler.swift in Sources */ = {isa = PBXBuildFile; fileRef = 1B4B8A3329C98E8A0026E9D1 /* APIKeyHandler.swift */; };
		1B4B8A3729C9A0370026E9D1 /* CityWeatherDetailViewController.swift in Sources */ = {isa = PBXBuildFile; fileRef = 1B4B8A3629C9A0370026E9D1 /* CityWeatherDetailViewController.swift */; };
		1B4B8A3C29C9B5C20026E9D1 /* CityWeatherDetailViewModel.swift in Sources */ = {isa = PBXBuildFile; fileRef = 1B4B8A3B29C9B5C20026E9D1 /* CityWeatherDetailViewModel.swift */; };
		1B4B8A3F29C9B6F70026E9D1 /* WeatherInfoNetworkService.swift in Sources */ = {isa = PBXBuildFile; fileRef = 1B4B8A3E29C9B6F70026E9D1 /* WeatherInfoNetworkService.swift */; };
		1B4B8A4429C9B81F0026E9D1 /* WeatherInfoResponse.swift in Sources */ = {isa = PBXBuildFile; fileRef = 1B4B8A4329C9B81F0026E9D1 /* WeatherInfoResponse.swift */; };
		1B4B8A4B29C9C2990026E9D1 /* UIViewController+Extensions.swift in Sources */ = {isa = PBXBuildFile; fileRef = 1B4B8A4A29C9C2990026E9D1 /* UIViewController+Extensions.swift */; };
		1B4B8A4E29C9C37C0026E9D1 /* AlertEssentials.swift in Sources */ = {isa = PBXBuildFile; fileRef = 1B4B8A4D29C9C37C0026E9D1 /* AlertEssentials.swift */; };
		1B4B8A5029C9DA7B0026E9D1 /* UIView+Extensions.swift in Sources */ = {isa = PBXBuildFile; fileRef = 1B4B8A4F29C9DA7B0026E9D1 /* UIView+Extensions.swift */; };
		1B4B8A5329C9DAB30026E9D1 /* Indicator.swift in Sources */ = {isa = PBXBuildFile; fileRef = 1B4B8A5229C9DAB30026E9D1 /* Indicator.swift */; };
		1B4B8A5629C9DB540026E9D1 /* Constants.swift in Sources */ = {isa = PBXBuildFile; fileRef = 1B4B8A5529C9DB540026E9D1 /* Constants.swift */; };
		1B4B8A6029C9F7A60026E9D1 /* CityListViewModel.swift in Sources */ = {isa = PBXBuildFile; fileRef = 1B4B8A5F29C9F7A60026E9D1 /* CityListViewModel.swift */; };
		1B4B8A6429C9F84F0026E9D1 /* CityCellModel.swift in Sources */ = {isa = PBXBuildFile; fileRef = 1B4B8A6329C9F84F0026E9D1 /* CityCellModel.swift */; };
		1B4B8A6629C9F9D50026E9D1 /* CityListViewController.swift in Sources */ = {isa = PBXBuildFile; fileRef = 1B4B8A6529C9F9D50026E9D1 /* CityListViewController.swift */; };
		1B4B8A6A29C9FC9D0026E9D1 /* CityTableViewCell.swift in Sources */ = {isa = PBXBuildFile; fileRef = 1B4B8A6829C9FC9D0026E9D1 /* CityTableViewCell.swift */; };
		1B4B8A6B29C9FC9D0026E9D1 /* CityTableViewCell.xib in Resources */ = {isa = PBXBuildFile; fileRef = 1B4B8A6929C9FC9D0026E9D1 /* CityTableViewCell.xib */; };
		1B4B8A6E29CA299D0026E9D1 /* NotificationManager.swift in Sources */ = {isa = PBXBuildFile; fileRef = 1B4B8A6D29CA299D0026E9D1 /* NotificationManager.swift */; };
		1B4B8A7029CA2ACE0026E9D1 /* UIStoryboard+Extensions.swift in Sources */ = {isa = PBXBuildFile; fileRef = 1B4B8A6F29CA2ACE0026E9D1 /* UIStoryboard+Extensions.swift */; };
		1B4B8A7529CA34F50026E9D1 /* StoryboardIdentifier.swift in Sources */ = {isa = PBXBuildFile; fileRef = 1B4B8A7429CA34F50026E9D1 /* StoryboardIdentifier.swift */; };
		1B83E14B29C893AC00443D2D /* AppDelegate.swift in Sources */ = {isa = PBXBuildFile; fileRef = 1B83E14A29C893AC00443D2D /* AppDelegate.swift */; };
		1B83E15229C893AC00443D2D /* Main.storyboard in Resources */ = {isa = PBXBuildFile; fileRef = 1B83E15029C893AC00443D2D /* Main.storyboard */; };
		1B83E15429C893AF00443D2D /* Assets.xcassets in Resources */ = {isa = PBXBuildFile; fileRef = 1B83E15329C893AF00443D2D /* Assets.xcassets */; };
		1B83E15729C893AF00443D2D /* LaunchScreen.storyboard in Resources */ = {isa = PBXBuildFile; fileRef = 1B83E15529C893AF00443D2D /* LaunchScreen.storyboard */; };
		1BA422FD29CE1F1600609DF2 /* AppCoordinator.swift in Sources */ = {isa = PBXBuildFile; fileRef = 1BA422FC29CE1F1600609DF2 /* AppCoordinator.swift */; };
		1BA4230029CE203900609DF2 /* CityListCoordinator.swift in Sources */ = {isa = PBXBuildFile; fileRef = 1BA422FF29CE203900609DF2 /* CityListCoordinator.swift */; };
		1BA4230429CE23CB00609DF2 /* AddCityCoordinator.swift in Sources */ = {isa = PBXBuildFile; fileRef = 1BA4230329CE23CB00609DF2 /* AddCityCoordinator.swift */; };
		1BA4230729CE253500609DF2 /* CityWeatherDetailCoordinator.swift in Sources */ = {isa = PBXBuildFile; fileRef = 1BA4230629CE253500609DF2 /* CityWeatherDetailCoordinator.swift */; };
		1BD13B8729D19D03007189CC /* AddCityViewModelTest.swift in Sources */ = {isa = PBXBuildFile; fileRef = 1BD13B8629D19D03007189CC /* AddCityViewModelTest.swift */; };
		1BD13B8929D19E9C007189CC /* CityWeatherDetailViewModelTest.swift in Sources */ = {isa = PBXBuildFile; fileRef = 1BD13B8829D19E9C007189CC /* CityWeatherDetailViewModelTest.swift */; };
		1BD13B8B29D19F05007189CC /* MockWeatherInfoNetworkService.swift in Sources */ = {isa = PBXBuildFile; fileRef = 1BD13B8A29D19F05007189CC /* MockWeatherInfoNetworkService.swift */; };
		1BD13B8D29D1A648007189CC /* CityListViewModelTest.swift in Sources */ = {isa = PBXBuildFile; fileRef = 1BD13B8C29D1A648007189CC /* CityListViewModelTest.swift */; };
		1BD13B9129D1DB93007189CC /* NetworkMonitor.swift in Sources */ = {isa = PBXBuildFile; fileRef = 1BD13B9029D1DB93007189CC /* NetworkMonitor.swift */; };
		1BD465C129D29B670079EFA0 /* WeatherInfo.swift in Sources */ = {isa = PBXBuildFile; fileRef = 1BD465C029D29B670079EFA0 /* WeatherInfo.swift */; };
		1BD465C229D2E1CC0079EFA0 /* WeatherInformation.xcframework in Frameworks */ = {isa = PBXBuildFile; fileRef = 1B4B8A4629C9BDD80026E9D1 /* WeatherInformation.xcframework */; };
		1BD465C329D2E1CD0079EFA0 /* WeatherInformation.xcframework in Embed Frameworks */ = {isa = PBXBuildFile; fileRef = 1B4B8A4629C9BDD80026E9D1 /* WeatherInformation.xcframework */; settings = {ATTRIBUTES = (CodeSignOnCopy, RemoveHeadersOnCopy, ); }; };
		1BF5D75329CA3B61007C7EAC /* UINavigationController+Extensions.swift in Sources */ = {isa = PBXBuildFile; fileRef = 1BF5D75229CA3B61007C7EAC /* UINavigationController+Extensions.swift */; };
/* End PBXBuildFile section */

/* Begin PBXContainerItemProxy section */
		1BB45B3829D17624002111A4 /* PBXContainerItemProxy */ = {
			isa = PBXContainerItemProxy;
			containerPortal = 1B83E13F29C893AC00443D2D /* Project object */;
			proxyType = 1;
			remoteGlobalIDString = 1B83E14629C893AC00443D2D;
			remoteInfo = WeatherApp;
		};
/* End PBXContainerItemProxy section */

/* Begin PBXCopyFilesBuildPhase section */
		1BD465C429D2E1CD0079EFA0 /* Embed Frameworks */ = {
			isa = PBXCopyFilesBuildPhase;
			buildActionMask = 2147483647;
			dstPath = "";
			dstSubfolderSpec = 10;
			files = (
				1BD465C329D2E1CD0079EFA0 /* WeatherInformation.xcframework in Embed Frameworks */,
			);
			name = "Embed Frameworks";
			runOnlyForDeploymentPostprocessing = 0;
		};
/* End PBXCopyFilesBuildPhase section */

/* Begin PBXFileReference section */
		1B32CC2329CF745F0080CF54 /* InputValidator.swift */ = {isa = PBXFileReference; lastKnownFileType = sourcecode.swift; path = InputValidator.swift; sourceTree = "<group>"; };
		1B46D14529D0807F008CD132 /* CoreDataManager.swift */ = {isa = PBXFileReference; lastKnownFileType = sourcecode.swift; path = CoreDataManager.swift; sourceTree = "<group>"; };
		1B46D14C29D0B6B0008CD132 /* WeatherApp.xcdatamodel */ = {isa = PBXFileReference; lastKnownFileType = wrapper.xcdatamodel; path = WeatherApp.xcdatamodel; sourceTree = "<group>"; };
		1B4B8A2429C95F700026E9D1 /* AddCityViewController.swift */ = {isa = PBXFileReference; lastKnownFileType = sourcecode.swift; path = AddCityViewController.swift; sourceTree = "<group>"; };
		1B4B8A2629C95FB50026E9D1 /* AddCityViewModel.swift */ = {isa = PBXFileReference; lastKnownFileType = sourcecode.swift; path = AddCityViewModel.swift; sourceTree = "<group>"; };
		1B4B8A2929C98C550026E9D1 /* String+Extensions.swift */ = {isa = PBXFileReference; lastKnownFileType = sourcecode.swift; path = "String+Extensions.swift"; sourceTree = "<group>"; };
		1B4B8A2F29C98D870026E9D1 /* UserEndpoints.swift */ = {isa = PBXFileReference; lastKnownFileType = sourcecode.swift; path = UserEndpoints.swift; sourceTree = "<group>"; };
		1B4B8A3329C98E8A0026E9D1 /* APIKeyHandler.swift */ = {isa = PBXFileReference; lastKnownFileType = sourcecode.swift; path = APIKeyHandler.swift; sourceTree = "<group>"; };
		1B4B8A3629C9A0370026E9D1 /* CityWeatherDetailViewController.swift */ = {isa = PBXFileReference; lastKnownFileType = sourcecode.swift; path = CityWeatherDetailViewController.swift; sourceTree = "<group>"; };
		1B4B8A3B29C9B5C20026E9D1 /* CityWeatherDetailViewModel.swift */ = {isa = PBXFileReference; lastKnownFileType = sourcecode.swift; path = CityWeatherDetailViewModel.swift; sourceTree = "<group>"; };
		1B4B8A3E29C9B6F70026E9D1 /* WeatherInfoNetworkService.swift */ = {isa = PBXFileReference; lastKnownFileType = sourcecode.swift; path = WeatherInfoNetworkService.swift; sourceTree = "<group>"; };
		1B4B8A4329C9B81F0026E9D1 /* WeatherInfoResponse.swift */ = {isa = PBXFileReference; lastKnownFileType = sourcecode.swift; path = WeatherInfoResponse.swift; sourceTree = "<group>"; };
		1B4B8A4629C9BDD80026E9D1 /* WeatherInformation.xcframework */ = {isa = PBXFileReference; lastKnownFileType = wrapper.xcframework; name = WeatherInformation.xcframework; path = "../../WeatherAppFramework/weather-app-framework/build/WeatherInformation.xcframework"; sourceTree = "<group>"; };
		1B4B8A4A29C9C2990026E9D1 /* UIViewController+Extensions.swift */ = {isa = PBXFileReference; lastKnownFileType = sourcecode.swift; path = "UIViewController+Extensions.swift"; sourceTree = "<group>"; };
		1B4B8A4D29C9C37C0026E9D1 /* AlertEssentials.swift */ = {isa = PBXFileReference; lastKnownFileType = sourcecode.swift; path = AlertEssentials.swift; sourceTree = "<group>"; };
		1B4B8A4F29C9DA7B0026E9D1 /* UIView+Extensions.swift */ = {isa = PBXFileReference; lastKnownFileType = sourcecode.swift; path = "UIView+Extensions.swift"; sourceTree = "<group>"; };
		1B4B8A5229C9DAB30026E9D1 /* Indicator.swift */ = {isa = PBXFileReference; lastKnownFileType = sourcecode.swift; path = Indicator.swift; sourceTree = "<group>"; };
		1B4B8A5529C9DB540026E9D1 /* Constants.swift */ = {isa = PBXFileReference; lastKnownFileType = sourcecode.swift; path = Constants.swift; sourceTree = "<group>"; };
		1B4B8A5F29C9F7A60026E9D1 /* CityListViewModel.swift */ = {isa = PBXFileReference; lastKnownFileType = sourcecode.swift; path = CityListViewModel.swift; sourceTree = "<group>"; };
		1B4B8A6329C9F84F0026E9D1 /* CityCellModel.swift */ = {isa = PBXFileReference; lastKnownFileType = sourcecode.swift; path = CityCellModel.swift; sourceTree = "<group>"; };
		1B4B8A6529C9F9D50026E9D1 /* CityListViewController.swift */ = {isa = PBXFileReference; lastKnownFileType = sourcecode.swift; path = CityListViewController.swift; sourceTree = "<group>"; };
		1B4B8A6829C9FC9D0026E9D1 /* CityTableViewCell.swift */ = {isa = PBXFileReference; lastKnownFileType = sourcecode.swift; path = CityTableViewCell.swift; sourceTree = "<group>"; };
		1B4B8A6929C9FC9D0026E9D1 /* CityTableViewCell.xib */ = {isa = PBXFileReference; lastKnownFileType = file.xib; path = CityTableViewCell.xib; sourceTree = "<group>"; };
		1B4B8A6D29CA299D0026E9D1 /* NotificationManager.swift */ = {isa = PBXFileReference; lastKnownFileType = sourcecode.swift; path = NotificationManager.swift; sourceTree = "<group>"; };
		1B4B8A6F29CA2ACE0026E9D1 /* UIStoryboard+Extensions.swift */ = {isa = PBXFileReference; lastKnownFileType = sourcecode.swift; path = "UIStoryboard+Extensions.swift"; sourceTree = "<group>"; };
		1B4B8A7429CA34F50026E9D1 /* StoryboardIdentifier.swift */ = {isa = PBXFileReference; lastKnownFileType = sourcecode.swift; path = StoryboardIdentifier.swift; sourceTree = "<group>"; };
		1B83E14729C893AC00443D2D /* WeatherApp.app */ = {isa = PBXFileReference; explicitFileType = wrapper.application; includeInIndex = 0; path = WeatherApp.app; sourceTree = BUILT_PRODUCTS_DIR; };
		1B83E14A29C893AC00443D2D /* AppDelegate.swift */ = {isa = PBXFileReference; lastKnownFileType = sourcecode.swift; path = AppDelegate.swift; sourceTree = "<group>"; };
		1B83E15129C893AC00443D2D /* Base */ = {isa = PBXFileReference; lastKnownFileType = file.storyboard; name = Base; path = Base.lproj/Main.storyboard; sourceTree = "<group>"; };
		1B83E15329C893AF00443D2D /* Assets.xcassets */ = {isa = PBXFileReference; lastKnownFileType = folder.assetcatalog; path = Assets.xcassets; sourceTree = "<group>"; };
		1B83E15629C893AF00443D2D /* Base */ = {isa = PBXFileReference; lastKnownFileType = file.storyboard; name = Base; path = Base.lproj/LaunchScreen.storyboard; sourceTree = "<group>"; };
		1B83E15829C893AF00443D2D /* Info.plist */ = {isa = PBXFileReference; lastKnownFileType = text.plist.xml; path = Info.plist; sourceTree = "<group>"; };
		1BA422FC29CE1F1600609DF2 /* AppCoordinator.swift */ = {isa = PBXFileReference; lastKnownFileType = sourcecode.swift; path = AppCoordinator.swift; sourceTree = "<group>"; };
		1BA422FF29CE203900609DF2 /* CityListCoordinator.swift */ = {isa = PBXFileReference; lastKnownFileType = sourcecode.swift; path = CityListCoordinator.swift; sourceTree = "<group>"; };
		1BA4230329CE23CB00609DF2 /* AddCityCoordinator.swift */ = {isa = PBXFileReference; lastKnownFileType = sourcecode.swift; path = AddCityCoordinator.swift; sourceTree = "<group>"; };
		1BA4230629CE253500609DF2 /* CityWeatherDetailCoordinator.swift */ = {isa = PBXFileReference; lastKnownFileType = sourcecode.swift; path = CityWeatherDetailCoordinator.swift; sourceTree = "<group>"; };
		1BB45B3429D17624002111A4 /* WeatherAppTests.xctest */ = {isa = PBXFileReference; explicitFileType = wrapper.cfbundle; includeInIndex = 0; path = WeatherAppTests.xctest; sourceTree = BUILT_PRODUCTS_DIR; };
		1BD13B8629D19D03007189CC /* AddCityViewModelTest.swift */ = {isa = PBXFileReference; lastKnownFileType = sourcecode.swift; path = AddCityViewModelTest.swift; sourceTree = "<group>"; };
		1BD13B8829D19E9C007189CC /* CityWeatherDetailViewModelTest.swift */ = {isa = PBXFileReference; lastKnownFileType = sourcecode.swift; path = CityWeatherDetailViewModelTest.swift; sourceTree = "<group>"; };
		1BD13B8A29D19F05007189CC /* MockWeatherInfoNetworkService.swift */ = {isa = PBXFileReference; lastKnownFileType = sourcecode.swift; path = MockWeatherInfoNetworkService.swift; sourceTree = "<group>"; };
		1BD13B8C29D1A648007189CC /* CityListViewModelTest.swift */ = {isa = PBXFileReference; lastKnownFileType = sourcecode.swift; path = CityListViewModelTest.swift; sourceTree = "<group>"; };
		1BD13B9029D1DB93007189CC /* NetworkMonitor.swift */ = {isa = PBXFileReference; lastKnownFileType = sourcecode.swift; path = NetworkMonitor.swift; sourceTree = "<group>"; };
		1BD465C029D29B670079EFA0 /* WeatherInfo.swift */ = {isa = PBXFileReference; lastKnownFileType = sourcecode.swift; path = WeatherInfo.swift; sourceTree = "<group>"; };
		1BF5D75229CA3B61007C7EAC /* UINavigationController+Extensions.swift */ = {isa = PBXFileReference; lastKnownFileType = sourcecode.swift; path = "UINavigationController+Extensions.swift"; sourceTree = "<group>"; };
/* End PBXFileReference section */

/* Begin PBXFrameworksBuildPhase section */
		1B83E14429C893AC00443D2D /* Frameworks */ = {
			isa = PBXFrameworksBuildPhase;
			buildActionMask = 2147483647;
			files = (
				1BD465C229D2E1CC0079EFA0 /* WeatherInformation.xcframework in Frameworks */,
			);
			runOnlyForDeploymentPostprocessing = 0;
		};
		1BB45B3129D17624002111A4 /* Frameworks */ = {
			isa = PBXFrameworksBuildPhase;
			buildActionMask = 2147483647;
			files = (
			);
			runOnlyForDeploymentPostprocessing = 0;
		};
/* End PBXFrameworksBuildPhase section */

/* Begin PBXGroup section */
		1B32CC2529CF74640080CF54 /* InputValidator */ = {
			isa = PBXGroup;
			children = (
				1B32CC2329CF745F0080CF54 /* InputValidator.swift */,
			);
			path = InputValidator;
			sourceTree = "<group>";
		};
		1B46D14729D08085008CD132 /* CoreDataManager */ = {
			isa = PBXGroup;
			children = (
				1B46D14529D0807F008CD132 /* CoreDataManager.swift */,
			);
			path = CoreDataManager;
			sourceTree = "<group>";
		};
		1B4B8A2229C95F130026E9D1 /* AddCity */ = {
			isa = PBXGroup;
			children = (
				1BA4230529CE23D000609DF2 /* Coordinator */,
				1B4B8A5D29C9F7650026E9D1 /* ViewModel */,
				1B4B8A5C29C9F75A0026E9D1 /* View */,
			);
			path = AddCity;
			sourceTree = "<group>";
		};
		1B4B8A2329C95F3C0026E9D1 /* Modules */ = {
			isa = PBXGroup;
			children = (
				1B4B8A3529C9A0180026E9D1 /* CityWeatherDetail */,
				1B4B8A2B29C98D3D0026E9D1 /* CityList */,
				1B4B8A2229C95F130026E9D1 /* AddCity */,
			);
			path = Modules;
			sourceTree = "<group>";
		};
		1B4B8A2829C98C300026E9D1 /* Utilities */ = {
			isa = PBXGroup;
			children = (
				1BD13B9229D1DB98007189CC /* NetworkMonitor */,
				1B46D14729D08085008CD132 /* CoreDataManager */,
				1B32CC2529CF74640080CF54 /* InputValidator */,
				1B4B8A7329CA34E00026E9D1 /* StoryboardIdentifier */,
				1B4B8A6C29CA29790026E9D1 /* NotificationManager */,
				1B4B8A5129C9DA990026E9D1 /* Indicator */,
				1B4B8A4C29C9C33B0026E9D1 /* AlertEssentials */,
				1B4B8A3229C98E780026E9D1 /* APIKeyHandler */,
				1B4B8A3129C98E6B0026E9D1 /* Extensions */,
			);
			path = Utilities;
			sourceTree = "<group>";
		};
		1B4B8A2B29C98D3D0026E9D1 /* CityList */ = {
			isa = PBXGroup;
			children = (
				1BA4230229CE205600609DF2 /* Coordinator */,
				1B4B8A6129C9F8300026E9D1 /* View */,
				1B4B8A5E29C9F7950026E9D1 /* ViewModel */,
				1B4B8A2E29C98D780026E9D1 /* Networking */,
			);
			path = CityList;
			sourceTree = "<group>";
		};
		1B4B8A2E29C98D780026E9D1 /* Networking */ = {
			isa = PBXGroup;
			children = (
				1B4B8A2F29C98D870026E9D1 /* UserEndpoints.swift */,
			);
			path = Networking;
			sourceTree = "<group>";
		};
		1B4B8A3129C98E6B0026E9D1 /* Extensions */ = {
			isa = PBXGroup;
			children = (
				1B4B8A2929C98C550026E9D1 /* String+Extensions.swift */,
				1B4B8A4A29C9C2990026E9D1 /* UIViewController+Extensions.swift */,
				1B4B8A4F29C9DA7B0026E9D1 /* UIView+Extensions.swift */,
				1B4B8A6F29CA2ACE0026E9D1 /* UIStoryboard+Extensions.swift */,
				1BF5D75229CA3B61007C7EAC /* UINavigationController+Extensions.swift */,
			);
			path = Extensions;
			sourceTree = "<group>";
		};
		1B4B8A3229C98E780026E9D1 /* APIKeyHandler */ = {
			isa = PBXGroup;
			children = (
				1B4B8A3329C98E8A0026E9D1 /* APIKeyHandler.swift */,
			);
			path = APIKeyHandler;
			sourceTree = "<group>";
		};
		1B4B8A3529C9A0180026E9D1 /* CityWeatherDetail */ = {
			isa = PBXGroup;
			children = (
				1BA4230829CE253900609DF2 /* Coordinator */,
				1B4B8A4229C9B80A0026E9D1 /* Model */,
				1B4B8A4129C9B7FE0026E9D1 /* ViewModel */,
				1B4B8A4029C9B7F40026E9D1 /* View */,
				1B4B8A3D29C9B6D30026E9D1 /* Networking */,
			);
			path = CityWeatherDetail;
			sourceTree = "<group>";
		};
		1B4B8A3D29C9B6D30026E9D1 /* Networking */ = {
			isa = PBXGroup;
			children = (
				1B4B8A3E29C9B6F70026E9D1 /* WeatherInfoNetworkService.swift */,
			);
			path = Networking;
			sourceTree = "<group>";
		};
		1B4B8A4029C9B7F40026E9D1 /* View */ = {
			isa = PBXGroup;
			children = (
				1B4B8A3629C9A0370026E9D1 /* CityWeatherDetailViewController.swift */,
			);
			path = View;
			sourceTree = "<group>";
		};
		1B4B8A4129C9B7FE0026E9D1 /* ViewModel */ = {
			isa = PBXGroup;
			children = (
				1B4B8A3B29C9B5C20026E9D1 /* CityWeatherDetailViewModel.swift */,
			);
			path = ViewModel;
			sourceTree = "<group>";
		};
		1B4B8A4229C9B80A0026E9D1 /* Model */ = {
			isa = PBXGroup;
			children = (
				1B4B8A4329C9B81F0026E9D1 /* WeatherInfoResponse.swift */,
				1BD465C029D29B670079EFA0 /* WeatherInfo.swift */,
			);
			path = Model;
			sourceTree = "<group>";
		};
		1B4B8A4529C9BDD70026E9D1 /* Frameworks */ = {
			isa = PBXGroup;
			children = (
				1B4B8A4629C9BDD80026E9D1 /* WeatherInformation.xcframework */,
			);
			name = Frameworks;
			sourceTree = "<group>";
		};
		1B4B8A4C29C9C33B0026E9D1 /* AlertEssentials */ = {
			isa = PBXGroup;
			children = (
				1B4B8A4D29C9C37C0026E9D1 /* AlertEssentials.swift */,
			);
			path = AlertEssentials;
			sourceTree = "<group>";
		};
		1B4B8A5129C9DA990026E9D1 /* Indicator */ = {
			isa = PBXGroup;
			children = (
				1B4B8A5229C9DAB30026E9D1 /* Indicator.swift */,
			);
			path = Indicator;
			sourceTree = "<group>";
		};
		1B4B8A5429C9DB420026E9D1 /* Constants */ = {
			isa = PBXGroup;
			children = (
				1B4B8A5529C9DB540026E9D1 /* Constants.swift */,
			);
			path = Constants;
			sourceTree = "<group>";
		};
		1B4B8A5C29C9F75A0026E9D1 /* View */ = {
			isa = PBXGroup;
			children = (
				1B4B8A2429C95F700026E9D1 /* AddCityViewController.swift */,
			);
			path = View;
			sourceTree = "<group>";
		};
		1B4B8A5D29C9F7650026E9D1 /* ViewModel */ = {
			isa = PBXGroup;
			children = (
				1B4B8A2629C95FB50026E9D1 /* AddCityViewModel.swift */,
			);
			path = ViewModel;
			sourceTree = "<group>";
		};
		1B4B8A5E29C9F7950026E9D1 /* ViewModel */ = {
			isa = PBXGroup;
			children = (
				1B4B8A5F29C9F7A60026E9D1 /* CityListViewModel.swift */,
				1B4B8A6329C9F84F0026E9D1 /* CityCellModel.swift */,
			);
			path = ViewModel;
			sourceTree = "<group>";
		};
		1B4B8A6129C9F8300026E9D1 /* View */ = {
			isa = PBXGroup;
			children = (
				1B4B8A6729C9F9F90026E9D1 /* ViewController */,
				1B4B8A6229C9F83A0026E9D1 /* Cell */,
			);
			path = View;
			sourceTree = "<group>";
		};
		1B4B8A6229C9F83A0026E9D1 /* Cell */ = {
			isa = PBXGroup;
			children = (
				1B4B8A6829C9FC9D0026E9D1 /* CityTableViewCell.swift */,
				1B4B8A6929C9FC9D0026E9D1 /* CityTableViewCell.xib */,
			);
			path = Cell;
			sourceTree = "<group>";
		};
		1B4B8A6729C9F9F90026E9D1 /* ViewController */ = {
			isa = PBXGroup;
			children = (
				1B4B8A6529C9F9D50026E9D1 /* CityListViewController.swift */,
			);
			path = ViewController;
			sourceTree = "<group>";
		};
		1B4B8A6C29CA29790026E9D1 /* NotificationManager */ = {
			isa = PBXGroup;
			children = (
				1B4B8A6D29CA299D0026E9D1 /* NotificationManager.swift */,
			);
			path = NotificationManager;
			sourceTree = "<group>";
		};
		1B4B8A7329CA34E00026E9D1 /* StoryboardIdentifier */ = {
			isa = PBXGroup;
			children = (
				1B4B8A7429CA34F50026E9D1 /* StoryboardIdentifier.swift */,
			);
			path = StoryboardIdentifier;
			sourceTree = "<group>";
		};
		1B83E13E29C893AC00443D2D = {
			isa = PBXGroup;
			children = (
				1B83E14929C893AC00443D2D /* WeatherApp */,
				1BB45B3529D17624002111A4 /* WeatherAppTests */,
				1B83E14829C893AC00443D2D /* Products */,
				1B4B8A4529C9BDD70026E9D1 /* Frameworks */,
			);
			sourceTree = "<group>";
		};
		1B83E14829C893AC00443D2D /* Products */ = {
			isa = PBXGroup;
			children = (
				1B83E14729C893AC00443D2D /* WeatherApp.app */,
				1BB45B3429D17624002111A4 /* WeatherAppTests.xctest */,
			);
			name = Products;
			sourceTree = "<group>";
		};
		1B83E14929C893AC00443D2D /* WeatherApp */ = {
			isa = PBXGroup;
			children = (
				1BA422FE29CE1F2100609DF2 /* AppCoordinator */,
				1BF5D75429CA3F78007C7EAC /* AppDelegate */,
				1B4B8A5429C9DB420026E9D1 /* Constants */,
				1B4B8A2329C95F3C0026E9D1 /* Modules */,
				1B4B8A2829C98C300026E9D1 /* Utilities */,
				1BF5D75529CA4B28007C7EAC /* Storyboard */,
				1B83E15329C893AF00443D2D /* Assets.xcassets */,
				1B83E15829C893AF00443D2D /* Info.plist */,
				1B46D14B29D0B6B0008CD132 /* WeatherApp.xcdatamodeld */,
			);
			path = WeatherApp;
			sourceTree = "<group>";
		};
		1BA422FE29CE1F2100609DF2 /* AppCoordinator */ = {
			isa = PBXGroup;
			children = (
				1BA422FC29CE1F1600609DF2 /* AppCoordinator.swift */,
			);
			path = AppCoordinator;
			sourceTree = "<group>";
		};
		1BA4230229CE205600609DF2 /* Coordinator */ = {
			isa = PBXGroup;
			children = (
				1BA422FF29CE203900609DF2 /* CityListCoordinator.swift */,
			);
			path = Coordinator;
			sourceTree = "<group>";
		};
		1BA4230529CE23D000609DF2 /* Coordinator */ = {
			isa = PBXGroup;
			children = (
				1BA4230329CE23CB00609DF2 /* AddCityCoordinator.swift */,
			);
			path = Coordinator;
			sourceTree = "<group>";
		};
		1BA4230829CE253900609DF2 /* Coordinator */ = {
			isa = PBXGroup;
			children = (
				1BA4230629CE253500609DF2 /* CityWeatherDetailCoordinator.swift */,
			);
			path = Coordinator;
			sourceTree = "<group>";
		};
		1BB45B3529D17624002111A4 /* WeatherAppTests */ = {
			isa = PBXGroup;
			children = (
				1BD13B8629D19D03007189CC /* AddCityViewModelTest.swift */,
				1BD13B8829D19E9C007189CC /* CityWeatherDetailViewModelTest.swift */,
				1BD13B8A29D19F05007189CC /* MockWeatherInfoNetworkService.swift */,
				1BD13B8C29D1A648007189CC /* CityListViewModelTest.swift */,
			);
			path = WeatherAppTests;
			sourceTree = "<group>";
		};
		1BD13B9229D1DB98007189CC /* NetworkMonitor */ = {
			isa = PBXGroup;
			children = (
				1BD13B9029D1DB93007189CC /* NetworkMonitor.swift */,
			);
			path = NetworkMonitor;
			sourceTree = "<group>";
		};
		1BF5D75429CA3F78007C7EAC /* AppDelegate */ = {
			isa = PBXGroup;
			children = (
				1B83E14A29C893AC00443D2D /* AppDelegate.swift */,
			);
			path = AppDelegate;
			sourceTree = "<group>";
		};
		1BF5D75529CA4B28007C7EAC /* Storyboard */ = {
			isa = PBXGroup;
			children = (
				1B83E15029C893AC00443D2D /* Main.storyboard */,
				1B83E15529C893AF00443D2D /* LaunchScreen.storyboard */,
			);
			path = Storyboard;
			sourceTree = "<group>";
		};
/* End PBXGroup section */

/* Begin PBXNativeTarget section */
		1B83E14629C893AC00443D2D /* WeatherApp */ = {
			isa = PBXNativeTarget;
			buildConfigurationList = 1B83E15B29C893AF00443D2D /* Build configuration list for PBXNativeTarget "WeatherApp" */;
			buildPhases = (
				1B83E14329C893AC00443D2D /* Sources */,
				1B83E14429C893AC00443D2D /* Frameworks */,
				1B83E14529C893AC00443D2D /* Resources */,
				1BD465C429D2E1CD0079EFA0 /* Embed Frameworks */,
			);
			buildRules = (
			);
			dependencies = (
			);
			name = WeatherApp;
			productName = WeatherApp;
			productReference = 1B83E14729C893AC00443D2D /* WeatherApp.app */;
			productType = "com.apple.product-type.application";
		};
		1BB45B3329D17624002111A4 /* WeatherAppTests */ = {
			isa = PBXNativeTarget;
			buildConfigurationList = 1BB45B3C29D17624002111A4 /* Build configuration list for PBXNativeTarget "WeatherAppTests" */;
			buildPhases = (
				1BB45B3029D17624002111A4 /* Sources */,
				1BB45B3129D17624002111A4 /* Frameworks */,
				1BB45B3229D17624002111A4 /* Resources */,
			);
			buildRules = (
			);
			dependencies = (
				1BB45B3929D17624002111A4 /* PBXTargetDependency */,
			);
			name = WeatherAppTests;
			productName = WeatherAppTests;
			productReference = 1BB45B3429D17624002111A4 /* WeatherAppTests.xctest */;
			productType = "com.apple.product-type.bundle.unit-test";
		};
/* End PBXNativeTarget section */

/* Begin PBXProject section */
		1B83E13F29C893AC00443D2D /* Project object */ = {
			isa = PBXProject;
			attributes = {
				BuildIndependentTargetsInParallel = 1;
				LastSwiftUpdateCheck = 1420;
				LastUpgradeCheck = 1420;
				TargetAttributes = {
					1B83E14629C893AC00443D2D = {
						CreatedOnToolsVersion = 14.2;
					};
					1BB45B3329D17624002111A4 = {
						CreatedOnToolsVersion = 14.2;
						TestTargetID = 1B83E14629C893AC00443D2D;
					};
				};
			};
			buildConfigurationList = 1B83E14229C893AC00443D2D /* Build configuration list for PBXProject "WeatherApp" */;
			compatibilityVersion = "Xcode 14.0";
			developmentRegion = en;
			hasScannedForEncodings = 0;
			knownRegions = (
				en,
				Base,
			);
			mainGroup = 1B83E13E29C893AC00443D2D;
			productRefGroup = 1B83E14829C893AC00443D2D /* Products */;
			projectDirPath = "";
			projectRoot = "";
			targets = (
				1B83E14629C893AC00443D2D /* WeatherApp */,
				1BB45B3329D17624002111A4 /* WeatherAppTests */,
			);
		};
/* End PBXProject section */

/* Begin PBXResourcesBuildPhase section */
		1B83E14529C893AC00443D2D /* Resources */ = {
			isa = PBXResourcesBuildPhase;
			buildActionMask = 2147483647;
			files = (
				1B83E15729C893AF00443D2D /* LaunchScreen.storyboard in Resources */,
				1B83E15429C893AF00443D2D /* Assets.xcassets in Resources */,
				1B4B8A6B29C9FC9D0026E9D1 /* CityTableViewCell.xib in Resources */,
				1B83E15229C893AC00443D2D /* Main.storyboard in Resources */,
			);
			runOnlyForDeploymentPostprocessing = 0;
		};
		1BB45B3229D17624002111A4 /* Resources */ = {
			isa = PBXResourcesBuildPhase;
			buildActionMask = 2147483647;
			files = (
			);
			runOnlyForDeploymentPostprocessing = 0;
		};
/* End PBXResourcesBuildPhase section */

/* Begin PBXSourcesBuildPhase section */
		1B83E14329C893AC00443D2D /* Sources */ = {
			isa = PBXSourcesBuildPhase;
			buildActionMask = 2147483647;
			files = (
				1B4B8A5029C9DA7B0026E9D1 /* UIView+Extensions.swift in Sources */,
				1B4B8A3C29C9B5C20026E9D1 /* CityWeatherDetailViewModel.swift in Sources */,
				1BA422FD29CE1F1600609DF2 /* AppCoordinator.swift in Sources */,
				1BD13B9129D1DB93007189CC /* NetworkMonitor.swift in Sources */,
				1BA4230029CE203900609DF2 /* CityListCoordinator.swift in Sources */,
				1B4B8A6A29C9FC9D0026E9D1 /* CityTableViewCell.swift in Sources */,
				1B4B8A3F29C9B6F70026E9D1 /* WeatherInfoNetworkService.swift in Sources */,
				1B4B8A2A29C98C550026E9D1 /* String+Extensions.swift in Sources */,
				1BD465C129D29B670079EFA0 /* WeatherInfo.swift in Sources */,
				1B4B8A3729C9A0370026E9D1 /* CityWeatherDetailViewController.swift in Sources */,
				1B4B8A4B29C9C2990026E9D1 /* UIViewController+Extensions.swift in Sources */,
				1BF5D75329CA3B61007C7EAC /* UINavigationController+Extensions.swift in Sources */,
				1B4B8A2529C95F700026E9D1 /* AddCityViewController.swift in Sources */,
				1B4B8A5629C9DB540026E9D1 /* Constants.swift in Sources */,
				1B4B8A7529CA34F50026E9D1 /* StoryboardIdentifier.swift in Sources */,
				1B4B8A3029C98D870026E9D1 /* UserEndpoints.swift in Sources */,
				1B4B8A4429C9B81F0026E9D1 /* WeatherInfoResponse.swift in Sources */,
				1B4B8A6029C9F7A60026E9D1 /* CityListViewModel.swift in Sources */,
				1B83E14B29C893AC00443D2D /* AppDelegate.swift in Sources */,
				1BA4230729CE253500609DF2 /* CityWeatherDetailCoordinator.swift in Sources */,
				1BA4230429CE23CB00609DF2 /* AddCityCoordinator.swift in Sources */,
				1B4B8A4E29C9C37C0026E9D1 /* AlertEssentials.swift in Sources */,
				1B4B8A6429C9F84F0026E9D1 /* CityCellModel.swift in Sources */,
				1B4B8A2729C95FB50026E9D1 /* AddCityViewModel.swift in Sources */,
				1B4B8A3429C98E8A0026E9D1 /* APIKeyHandler.swift in Sources */,
				1B4B8A5329C9DAB30026E9D1 /* Indicator.swift in Sources */,
				1B46D14D29D0B6B0008CD132 /* WeatherApp.xcdatamodeld in Sources */,
				1B4B8A6E29CA299D0026E9D1 /* NotificationManager.swift in Sources */,
				1B46D14629D0807F008CD132 /* CoreDataManager.swift in Sources */,
				1B32CC2429CF745F0080CF54 /* InputValidator.swift in Sources */,
				1B4B8A6629C9F9D50026E9D1 /* CityListViewController.swift in Sources */,
				1B4B8A7029CA2ACE0026E9D1 /* UIStoryboard+Extensions.swift in Sources */,
			);
			runOnlyForDeploymentPostprocessing = 0;
		};
		1BB45B3029D17624002111A4 /* Sources */ = {
			isa = PBXSourcesBuildPhase;
			buildActionMask = 2147483647;
			files = (
				1BD13B8929D19E9C007189CC /* CityWeatherDetailViewModelTest.swift in Sources */,
				1BD13B8D29D1A648007189CC /* CityListViewModelTest.swift in Sources */,
				1BD13B8729D19D03007189CC /* AddCityViewModelTest.swift in Sources */,
				1BD13B8B29D19F05007189CC /* MockWeatherInfoNetworkService.swift in Sources */,
			);
			runOnlyForDeploymentPostprocessing = 0;
		};
/* End PBXSourcesBuildPhase section */

/* Begin PBXTargetDependency section */
		1BB45B3929D17624002111A4 /* PBXTargetDependency */ = {
			isa = PBXTargetDependency;
			target = 1B83E14629C893AC00443D2D /* WeatherApp */;
			targetProxy = 1BB45B3829D17624002111A4 /* PBXContainerItemProxy */;
		};
/* End PBXTargetDependency section */

/* Begin PBXVariantGroup section */
		1B83E15029C893AC00443D2D /* Main.storyboard */ = {
			isa = PBXVariantGroup;
			children = (
				1B83E15129C893AC00443D2D /* Base */,
			);
			name = Main.storyboard;
			sourceTree = "<group>";
		};
		1B83E15529C893AF00443D2D /* LaunchScreen.storyboard */ = {
			isa = PBXVariantGroup;
			children = (
				1B83E15629C893AF00443D2D /* Base */,
			);
			name = LaunchScreen.storyboard;
			sourceTree = "<group>";
		};
/* End PBXVariantGroup section */

/* Begin XCBuildConfiguration section */
		1B83E15929C893AF00443D2D /* Debug */ = {
			isa = XCBuildConfiguration;
			buildSettings = {
				ALWAYS_SEARCH_USER_PATHS = NO;
				CLANG_ANALYZER_NONNULL = YES;
				CLANG_ANALYZER_NUMBER_OBJECT_CONVERSION = YES_AGGRESSIVE;
				CLANG_CXX_LANGUAGE_STANDARD = "gnu++20";
				CLANG_ENABLE_MODULES = YES;
				CLANG_ENABLE_OBJC_ARC = YES;
				CLANG_ENABLE_OBJC_WEAK = YES;
				CLANG_WARN_BLOCK_CAPTURE_AUTORELEASING = YES;
				CLANG_WARN_BOOL_CONVERSION = YES;
				CLANG_WARN_COMMA = YES;
				CLANG_WARN_CONSTANT_CONVERSION = YES;
				CLANG_WARN_DEPRECATED_OBJC_IMPLEMENTATIONS = YES;
				CLANG_WARN_DIRECT_OBJC_ISA_USAGE = YES_ERROR;
				CLANG_WARN_DOCUMENTATION_COMMENTS = YES;
				CLANG_WARN_EMPTY_BODY = YES;
				CLANG_WARN_ENUM_CONVERSION = YES;
				CLANG_WARN_INFINITE_RECURSION = YES;
				CLANG_WARN_INT_CONVERSION = YES;
				CLANG_WARN_NON_LITERAL_NULL_CONVERSION = YES;
				CLANG_WARN_OBJC_IMPLICIT_RETAIN_SELF = YES;
				CLANG_WARN_OBJC_LITERAL_CONVERSION = YES;
				CLANG_WARN_OBJC_ROOT_CLASS = YES_ERROR;
				CLANG_WARN_QUOTED_INCLUDE_IN_FRAMEWORK_HEADER = YES;
				CLANG_WARN_RANGE_LOOP_ANALYSIS = YES;
				CLANG_WARN_STRICT_PROTOTYPES = YES;
				CLANG_WARN_SUSPICIOUS_MOVE = YES;
				CLANG_WARN_UNGUARDED_AVAILABILITY = YES_AGGRESSIVE;
				CLANG_WARN_UNREACHABLE_CODE = YES;
				CLANG_WARN__DUPLICATE_METHOD_MATCH = YES;
				COPY_PHASE_STRIP = NO;
				DEBUG_INFORMATION_FORMAT = dwarf;
				ENABLE_STRICT_OBJC_MSGSEND = YES;
				ENABLE_TESTABILITY = YES;
				GCC_C_LANGUAGE_STANDARD = gnu11;
				GCC_DYNAMIC_NO_PIC = NO;
				GCC_NO_COMMON_BLOCKS = YES;
				GCC_OPTIMIZATION_LEVEL = 0;
				GCC_PREPROCESSOR_DEFINITIONS = (
					"DEBUG=1",
					"$(inherited)",
				);
				GCC_WARN_64_TO_32_BIT_CONVERSION = YES;
				GCC_WARN_ABOUT_RETURN_TYPE = YES_ERROR;
				GCC_WARN_UNDECLARED_SELECTOR = YES;
				GCC_WARN_UNINITIALIZED_AUTOS = YES_AGGRESSIVE;
				GCC_WARN_UNUSED_FUNCTION = YES;
				GCC_WARN_UNUSED_VARIABLE = YES;
				IPHONEOS_DEPLOYMENT_TARGET = 16.2;
				MTL_ENABLE_DEBUG_INFO = INCLUDE_SOURCE;
				MTL_FAST_MATH = YES;
				ONLY_ACTIVE_ARCH = YES;
				SDKROOT = iphoneos;
				SWIFT_ACTIVE_COMPILATION_CONDITIONS = DEBUG;
				SWIFT_OPTIMIZATION_LEVEL = "-Onone";
			};
			name = Debug;
		};
		1B83E15A29C893AF00443D2D /* Release */ = {
			isa = XCBuildConfiguration;
			buildSettings = {
				ALWAYS_SEARCH_USER_PATHS = NO;
				CLANG_ANALYZER_NONNULL = YES;
				CLANG_ANALYZER_NUMBER_OBJECT_CONVERSION = YES_AGGRESSIVE;
				CLANG_CXX_LANGUAGE_STANDARD = "gnu++20";
				CLANG_ENABLE_MODULES = YES;
				CLANG_ENABLE_OBJC_ARC = YES;
				CLANG_ENABLE_OBJC_WEAK = YES;
				CLANG_WARN_BLOCK_CAPTURE_AUTORELEASING = YES;
				CLANG_WARN_BOOL_CONVERSION = YES;
				CLANG_WARN_COMMA = YES;
				CLANG_WARN_CONSTANT_CONVERSION = YES;
				CLANG_WARN_DEPRECATED_OBJC_IMPLEMENTATIONS = YES;
				CLANG_WARN_DIRECT_OBJC_ISA_USAGE = YES_ERROR;
				CLANG_WARN_DOCUMENTATION_COMMENTS = YES;
				CLANG_WARN_EMPTY_BODY = YES;
				CLANG_WARN_ENUM_CONVERSION = YES;
				CLANG_WARN_INFINITE_RECURSION = YES;
				CLANG_WARN_INT_CONVERSION = YES;
				CLANG_WARN_NON_LITERAL_NULL_CONVERSION = YES;
				CLANG_WARN_OBJC_IMPLICIT_RETAIN_SELF = YES;
				CLANG_WARN_OBJC_LITERAL_CONVERSION = YES;
				CLANG_WARN_OBJC_ROOT_CLASS = YES_ERROR;
				CLANG_WARN_QUOTED_INCLUDE_IN_FRAMEWORK_HEADER = YES;
				CLANG_WARN_RANGE_LOOP_ANALYSIS = YES;
				CLANG_WARN_STRICT_PROTOTYPES = YES;
				CLANG_WARN_SUSPICIOUS_MOVE = YES;
				CLANG_WARN_UNGUARDED_AVAILABILITY = YES_AGGRESSIVE;
				CLANG_WARN_UNREACHABLE_CODE = YES;
				CLANG_WARN__DUPLICATE_METHOD_MATCH = YES;
				COPY_PHASE_STRIP = NO;
				DEBUG_INFORMATION_FORMAT = "dwarf-with-dsym";
				ENABLE_NS_ASSERTIONS = NO;
				ENABLE_STRICT_OBJC_MSGSEND = YES;
				GCC_C_LANGUAGE_STANDARD = gnu11;
				GCC_NO_COMMON_BLOCKS = YES;
				GCC_WARN_64_TO_32_BIT_CONVERSION = YES;
				GCC_WARN_ABOUT_RETURN_TYPE = YES_ERROR;
				GCC_WARN_UNDECLARED_SELECTOR = YES;
				GCC_WARN_UNINITIALIZED_AUTOS = YES_AGGRESSIVE;
				GCC_WARN_UNUSED_FUNCTION = YES;
				GCC_WARN_UNUSED_VARIABLE = YES;
				IPHONEOS_DEPLOYMENT_TARGET = 16.2;
				MTL_ENABLE_DEBUG_INFO = NO;
				MTL_FAST_MATH = YES;
				SDKROOT = iphoneos;
				SWIFT_COMPILATION_MODE = wholemodule;
				SWIFT_OPTIMIZATION_LEVEL = "-O";
				VALIDATE_PRODUCT = YES;
			};
			name = Release;
		};
		1B83E15C29C893AF00443D2D /* Debug */ = {
			isa = XCBuildConfiguration;
			buildSettings = {
				ASSETCATALOG_COMPILER_APPICON_NAME = AppIcon;
				ASSETCATALOG_COMPILER_GLOBAL_ACCENT_COLOR_NAME = AccentColor;
				CODE_SIGN_STYLE = Automatic;
				CURRENT_PROJECT_VERSION = 1;
				GENERATE_INFOPLIST_FILE = YES;
				INFOPLIST_FILE = WeatherApp/Info.plist;
				INFOPLIST_KEY_UIApplicationSupportsIndirectInputEvents = YES;
				INFOPLIST_KEY_UILaunchStoryboardName = LaunchScreen;
				INFOPLIST_KEY_UIMainStoryboardFile = Main;
				INFOPLIST_KEY_UISupportedInterfaceOrientations = UIInterfaceOrientationPortrait;
				LD_RUNPATH_SEARCH_PATHS = (
					"$(inherited)",
					"@executable_path/Frameworks",
				);
				MARKETING_VERSION = 1.0;
				PRODUCT_BUNDLE_IDENTIFIER = com.WeatherApp;
				PRODUCT_NAME = "$(TARGET_NAME)";
				SWIFT_EMIT_LOC_STRINGS = YES;
				SWIFT_VERSION = 5.0;
				TARGETED_DEVICE_FAMILY = "1,2";
			};
			name = Debug;
		};
		1B83E15D29C893AF00443D2D /* Release */ = {
			isa = XCBuildConfiguration;
			buildSettings = {
				ASSETCATALOG_COMPILER_APPICON_NAME = AppIcon;
				ASSETCATALOG_COMPILER_GLOBAL_ACCENT_COLOR_NAME = AccentColor;
				CODE_SIGN_STYLE = Automatic;
				CURRENT_PROJECT_VERSION = 1;
				GENERATE_INFOPLIST_FILE = YES;
				INFOPLIST_FILE = WeatherApp/Info.plist;
				INFOPLIST_KEY_UIApplicationSupportsIndirectInputEvents = YES;
				INFOPLIST_KEY_UILaunchStoryboardName = LaunchScreen;
				INFOPLIST_KEY_UIMainStoryboardFile = Main;
				INFOPLIST_KEY_UISupportedInterfaceOrientations = UIInterfaceOrientationPortrait;
				LD_RUNPATH_SEARCH_PATHS = (
					"$(inherited)",
					"@executable_path/Frameworks",
				);
				MARKETING_VERSION = 1.0;
				PRODUCT_BUNDLE_IDENTIFIER = com.WeatherApp;
				PRODUCT_NAME = "$(TARGET_NAME)";
				SWIFT_EMIT_LOC_STRINGS = YES;
				SWIFT_VERSION = 5.0;
				TARGETED_DEVICE_FAMILY = "1,2";
			};
			name = Release;
		};
		1BB45B3A29D17624002111A4 /* Debug */ = {
			isa = XCBuildConfiguration;
			buildSettings = {
				BUNDLE_LOADER = "$(TEST_HOST)";
				CODE_SIGN_STYLE = Automatic;
				CURRENT_PROJECT_VERSION = 1;
				GENERATE_INFOPLIST_FILE = YES;
				MARKETING_VERSION = 1.0;
				PRODUCT_BUNDLE_IDENTIFIER = com.WeatherAppTests;
				PRODUCT_NAME = "$(TARGET_NAME)";
				SWIFT_EMIT_LOC_STRINGS = NO;
				SWIFT_VERSION = 5.0;
				TARGETED_DEVICE_FAMILY = "1,2";
				TEST_HOST = "$(BUILT_PRODUCTS_DIR)/WeatherApp.app/$(BUNDLE_EXECUTABLE_FOLDER_PATH)/WeatherApp";
			};
			name = Debug;
		};
		1BB45B3B29D17624002111A4 /* Release */ = {
			isa = XCBuildConfiguration;
			buildSettings = {
				BUNDLE_LOADER = "$(TEST_HOST)";
				CODE_SIGN_STYLE = Automatic;
				CURRENT_PROJECT_VERSION = 1;
				GENERATE_INFOPLIST_FILE = YES;
				MARKETING_VERSION = 1.0;
				PRODUCT_BUNDLE_IDENTIFIER = com.WeatherAppTests;
				PRODUCT_NAME = "$(TARGET_NAME)";
				SWIFT_EMIT_LOC_STRINGS = NO;
				SWIFT_VERSION = 5.0;
				TARGETED_DEVICE_FAMILY = "1,2";
				TEST_HOST = "$(BUILT_PRODUCTS_DIR)/WeatherApp.app/$(BUNDLE_EXECUTABLE_FOLDER_PATH)/WeatherApp";
			};
			name = Release;
		};
/* End XCBuildConfiguration section */

/* Begin XCConfigurationList section */
		1B83E14229C893AC00443D2D /* Build configuration list for PBXProject "WeatherApp" */ = {
			isa = XCConfigurationList;
			buildConfigurations = (
				1B83E15929C893AF00443D2D /* Debug */,
				1B83E15A29C893AF00443D2D /* Release */,
			);
			defaultConfigurationIsVisible = 0;
			defaultConfigurationName = Release;
		};
		1B83E15B29C893AF00443D2D /* Build configuration list for PBXNativeTarget "WeatherApp" */ = {
			isa = XCConfigurationList;
			buildConfigurations = (
				1B83E15C29C893AF00443D2D /* Debug */,
				1B83E15D29C893AF00443D2D /* Release */,
			);
			defaultConfigurationIsVisible = 0;
			defaultConfigurationName = Release;
		};
		1BB45B3C29D17624002111A4 /* Build configuration list for PBXNativeTarget "WeatherAppTests" */ = {
			isa = XCConfigurationList;
			buildConfigurations = (
				1BB45B3A29D17624002111A4 /* Debug */,
				1BB45B3B29D17624002111A4 /* Release */,
			);
			defaultConfigurationIsVisible = 0;
			defaultConfigurationName = Release;
		};
/* End XCConfigurationList section */

/* Begin XCVersionGroup section */
		1B46D14B29D0B6B0008CD132 /* WeatherApp.xcdatamodeld */ = {
			isa = XCVersionGroup;
			children = (
				1B46D14C29D0B6B0008CD132 /* WeatherApp.xcdatamodel */,
			);
			currentVersion = 1B46D14C29D0B6B0008CD132 /* WeatherApp.xcdatamodel */;
			path = WeatherApp.xcdatamodeld;
			sourceTree = "<group>";
			versionGroupType = wrapper.xcdatamodel;
		};
/* End XCVersionGroup section */
	};
	rootObject = 1B83E13F29C893AC00443D2D /* Project object */;
}
